
Microsoft Visual Studio Solution File, Format Version 12.00
# Visual Studio Version 17
VisualStudioVersion = 17.13.35931.197
MinimumVisualStudioVersion = 10.0.40219.1
Project("{FAE04EC0-301F-11D3-BF4B-00C04F79EFBC}") = "KapadaApplication", "KapadaApplication\KapadaApplication.csproj", "{D3B71604-90E2-47C9-9B87-F5B0B88DBF69}"
EndProject
Project("{FAE04EC0-301F-11D3-BF4B-00C04F79EFBC}") = "MyApp.Api", "MyApp.Api\MyApp.Api.csproj", "{CCB19419-5883-40AC-9055-22BD43A6790B}"
EndProject
Project("{FAE04EC0-301F-11D3-BF4B-00C04F79EFBC}") = "KapadaModel", "KapadaModel\KapadaModel.csproj", "{115233BE-F210-4C5C-9A26-DD4D10338695}"
EndProject
Global
	GlobalSection(SolutionConfigurationPlatforms) = preSolution
		Debug|Any CPU = Debug|Any CPU
		Release|Any CPU = Release|Any CPU
	EndGlobalSection
	GlobalSection(ProjectConfigurationPlatforms) = postSolution
		{D3B71604-90E2-47C9-9B87-F5B0B88DBF69}.Debug|Any CPU.ActiveCfg = Debug|Any CPU
		{D3B71604-90E2-47C9-9B87-F5B0B88DBF69}.Debug|Any CPU.Build.0 = Debug|Any CPU
		{D3B71604-90E2-47C9-9B87-F5B0B88DBF69}.Release|Any CPU.ActiveCfg = Release|Any CPU
		{D3B71604-90E2-47C9-9B87-F5B0B88DBF69}.Release|Any CPU.Build.0 = Release|Any CPU
		{CCB19419-5883-40AC-9055-22BD43A6790B}.Debug|Any CPU.ActiveCfg = Debug|Any CPU
		{CCB19419-5883-40AC-9055-22BD43A6790B}.Debug|Any CPU.Build.0 = Debug|Any CPU
		{CCB19419-5883-40AC-9055-22BD43A6790B}.Release|Any CPU.ActiveCfg = Release|Any CPU
		{CCB19419-5883-40AC-9055-22BD43A6790B}.Release|Any CPU.Build.0 = Release|Any CPU
		{115233BE-F210-4C5C-9A26-DD4D10338695}.Debug|Any CPU.ActiveCfg = Debug|Any CPU
		{115233BE-F210-4C5C-9A26-DD4D10338695}.Debug|Any CPU.Build.0 = Debug|Any CPU
		{115233BE-F210-4C5C-9A26-DD4D10338695}.Release|Any CPU.ActiveCfg = Release|Any CPU
		{115233BE-F210-4C5C-9A26-DD4D10338695}.Release|Any CPU.Build.0 = Release|Any CPU
	EndGlobalSection
	GlobalSection(SolutionProperties) = preSolution
		HideSolutionNode = FALSE
	EndGlobalSection
	GlobalSection(ExtensibilityGlobals) = postSolution
		SolutionGuid = {3096855F-A50E-4975-B9DC-2540D385E643}
	EndGlobalSection
EndGlobal
